Microsoft Visual Studio Solution File, Format Version 12.00
# Visual Studio Version 17
VisualStudioVersion = 17.5.2.0
MinimumVisualStudioVersion = 10.0.40219.1
Project("{FAE04EC0-301F-11D3-BF4B-00C04F79EFBC}") = "CRUD-APIs", "CRUD-APIs.csproj", "{A75E1476-9EC3-5D8A-5B6F-143D88127C62}"
EndProject
Global
	GlobalSection(SolutionConfigurationPlatforms) = preSolution
		Debug|Any CPU = Debug|Any CPU
		Release|Any CPU = Release|Any CPU
	EndGlobalSection
	GlobalSection(ProjectConfigurationPlatforms) = postSolution
		{A75E1476-9EC3-5D8A-5B6F-143D88127C62}.Debug|Any CPU.ActiveCfg = Debug|Any CPU
		{A75E1476-9EC3-5D8A-5B6F-143D88127C62}.Debug|Any CPU.Build.0 = Debug|Any CPU
		{A75E1476-9EC3-5D8A-5B6F-143D88127C62}.Release|Any CPU.ActiveCfg = Release|Any CPU
		{A75E1476-9EC3-5D8A-5B6F-143D88127C62}.Release|Any CPU.Build.0 = Release|Any CPU
	EndGlobalSection
	GlobalSection(SolutionProperties) = preSolution
		HideSolutionNode = FALSE
	EndGlobalSection
	GlobalSection(ExtensibilityGlobals) = postSolution
		SolutionGuid = {5FE6760B-5FA2-4B4D-8518-36BF9E003A8F}
	EndGlobalSection
EndGlobal
